<?xml version="1.0" encoding="utf-8"?>
<Project ToolsVersion="4.0" xmlns="http://schemas.microsoft.com/developer/msbuild/2003">
  <ItemGroup>
    <Filter Include="Source Files">
      <UniqueIdentifier>{4FC737F1-C7A5-4376-A066-2A32D752A2FF}</UniqueIdentifier>
      <Extensions>cpp;c;cc;cxx;def;odl;idl;hpj;bat;asm;asmx</Extensions>
    </Filter>
    <Filter Include="Header Files">
      <UniqueIdentifier>{93995380-89BD-4b04-88EB-625FBE52EBFB}</UniqueIdentifier>
      <Extensions>h;hh;hpp;hxx;hm;inl;inc;xsd</Extensions>
    </Filter>
    <Filter Include="Resource Files">
      <UniqueIdentifier>{67DA6AB6-F800-4c08-8B7A-83BB121AAD01}</UniqueIdentifier>
      <Extensions>rc;ico;cur;bmp;dlg;rc2;rct;bin;rgs;gif;jpg;jpeg;jpe;resx;tiff;tif;png;wav;mfcribbon-ms</Extensions>
    </Filter>
    <Filter Include="Source Files\imgui">
      <UniqueIdentifier>{f05352b3-1274-4d2b-b6bc-4a1c56df45a6}</UniqueIdentifier>
    </Filter>
    <Filter Include="Source Files\UnitTest++">
      <UniqueIdentifier>{46d25388-0b02-4872-8e5d-1d56070e3a83}</UniqueIdentifier>
    </Filter>
    <Filter Include="Source Files\tests">
      <UniqueIdentifier>{4ade3bdb-b2da-40bf-9528-4cbb1fd49c93}</UniqueIdentifier>
    </Filter>
  </ItemGroup>
  <ItemGroup>
    <Text Include="ReadMe.txt" />
  </ItemGroup>
  <ItemGroup>
    <ClInclude Include="stdafx.h">
      <Filter>Header Files</Filter>
    </ClInclude>
    <ClInclude Include="targetver.h">
      <Filter>Header Files</Filter>
    </ClInclude>
    <ClInclude Include="SimNode.h">
      <Filter>Header Files</Filter>
    </ClInclude>
    <ClInclude Include="SimWire.h">
      <Filter>Header Files</Filter>
    </ClInclude>
    <ClInclude Include="SimController.h">
      <Filter>Header Files</Filter>
    </ClInclude>
    <ClInclude Include="EventDispatcher.h">
      <Filter>Header Files</Filter>
    </ClInclude>
    <ClInclude Include="FrameUpdateDispatcher.h">
      <Filter>Header Files</Filter>
    </ClInclude>
    <ClInclude Include="PolygonUtils.h">
      <Filter>Header Files</Filter>
    </ClInclude>
    <ClInclude Include="imgui\imconfig.h">
      <Filter>Source Files\imgui</Filter>
    </ClInclude>
    <ClInclude Include="imgui\imconfig-events-SFML.h">
      <Filter>Source Files\imgui</Filter>
    </ClInclude>
    <ClInclude Include="imgui\imconfig-rendering-SFML.h">
      <Filter>Source Files\imgui</Filter>
    </ClInclude>
    <ClInclude Include="imgui\imgui.h">
      <Filter>Source Files\imgui</Filter>
    </ClInclude>
    <ClInclude Include="imgui\imgui_internal.h">
      <Filter>Source Files\imgui</Filter>
    </ClInclude>
    <ClInclude Include="imgui\imgui-events-SFML.h">
      <Filter>Source Files\imgui</Filter>
    </ClInclude>
    <ClInclude Include="imgui\imgui-rendering-SFML.h">
      <Filter>Source Files\imgui</Filter>
    </ClInclude>
    <ClInclude Include="imgui\stb_rect_pack.h">
      <Filter>Source Files\imgui</Filter>
    </ClInclude>
    <ClInclude Include="imgui\stb_textedit.h">
      <Filter>Source Files\imgui</Filter>
    </ClInclude>
    <ClInclude Include="imgui\stb_truetype.h">
      <Filter>Source Files\imgui</Filter>
    </ClInclude>
    <ClInclude Include="GUISimControlsWindow.h">
      <Filter>Header Files</Filter>
    </ClInclude>
    <ClInclude Include="Node.h">
      <Filter>Header Files</Filter>
    </ClInclude>
    <ClInclude Include="Wire.h">
      <Filter>Header Files</Filter>
    </ClInclude>
    <ClInclude Include="Circuit.h">
      <Filter>Header Files</Filter>
    </ClInclude>
    <ClInclude Include="HeatWave.h">
      <Filter>Header Files</Filter>
    </ClInclude>
    <ClInclude Include="CircuitGraph.h">
      <Filter>Header Files</Filter>
    </ClInclude>
    <ClInclude Include="DirectedGraph.h">
      <Filter>Header Files</Filter>
    </ClInclude>
    <ClInclude Include="imgui\examples\ios_example\imguiex\GameViewController.h">
      <Filter>Source Files\imgui</Filter>
    </ClInclude>
    <ClInclude Include="UnitTest++\AssertException.h">
      <Filter>Source Files\UnitTest++</Filter>
    </ClInclude>
    <ClInclude Include="UnitTest++\CheckMacros.h">
      <Filter>Source Files\UnitTest++</Filter>
    </ClInclude>
    <ClInclude Include="UnitTest++\Checks.h">
      <Filter>Source Files\UnitTest++</Filter>
    </ClInclude>
    <ClInclude Include="UnitTest++\CompositeTestReporter.h">
      <Filter>Source Files\UnitTest++</Filter>
    </ClInclude>
    <ClInclude Include="UnitTest++\Config.h">
      <Filter>Source Files\UnitTest++</Filter>
    </ClInclude>
    <ClInclude Include="UnitTest++\CurrentTest.h">
      <Filter>Source Files\UnitTest++</Filter>
    </ClInclude>
    <ClInclude Include="UnitTest++\DeferredTestReporter.h">
      <Filter>Source Files\UnitTest++</Filter>
    </ClInclude>
    <ClInclude Include="UnitTest++\DeferredTestResult.h">
      <Filter>Source Files\UnitTest++</Filter>
    </ClInclude>
    <ClInclude Include="UnitTest++\ExceptionMacros.h">
      <Filter>Source Files\UnitTest++</Filter>
    </ClInclude>
    <ClInclude Include="UnitTest++\ExecuteTest.h">
      <Filter>Source Files\UnitTest++</Filter>
    </ClInclude>
    <ClInclude Include="UnitTest++\HelperMacros.h">
      <Filter>Source Files\UnitTest++</Filter>
    </ClInclude>
    <ClInclude Include="UnitTest++\MemoryOutStream.h">
      <Filter>Source Files\UnitTest++</Filter>
    </ClInclude>
    <ClInclude Include="UnitTest++\ReportAssert.h">
      <Filter>Source Files\UnitTest++</Filter>
    </ClInclude>
    <ClInclude Include="UnitTest++\ReportAssertImpl.h">
      <Filter>Source Files\UnitTest++</Filter>
    </ClInclude>
    <ClInclude Include="UnitTest++\Test.h">
      <Filter>Source Files\UnitTest++</Filter>
    </ClInclude>
    <ClInclude Include="UnitTest++\TestDetails.h">
      <Filter>Source Files\UnitTest++</Filter>
    </ClInclude>
    <ClInclude Include="UnitTest++\TestList.h">
      <Filter>Source Files\UnitTest++</Filter>
    </ClInclude>
    <ClInclude Include="UnitTest++\TestMacros.h">
      <Filter>Source Files\UnitTest++</Filter>
    </ClInclude>
    <ClInclude Include="UnitTest++\TestReporter.h">
      <Filter>Source Files\UnitTest++</Filter>
    </ClInclude>
    <ClInclude Include="UnitTest++\TestReporterStdout.h">
      <Filter>Source Files\UnitTest++</Filter>
    </ClInclude>
    <ClInclude Include="UnitTest++\TestResults.h">
      <Filter>Source Files\UnitTest++</Filter>
    </ClInclude>
    <ClInclude Include="UnitTest++\TestRunner.h">
      <Filter>Source Files\UnitTest++</Filter>
    </ClInclude>
    <ClInclude Include="UnitTest++\TestSuite.h">
      <Filter>Source Files\UnitTest++</Filter>
    </ClInclude>
    <ClInclude Include="UnitTest++\TimeConstraint.h">
      <Filter>Source Files\UnitTest++</Filter>
    </ClInclude>
    <ClInclude Include="UnitTest++\TimeHelpers.h">
      <Filter>Source Files\UnitTest++</Filter>
    </ClInclude>
    <ClInclude Include="UnitTest++\UnitTest++.h">
      <Filter>Source Files\UnitTest++</Filter>
    </ClInclude>
    <ClInclude Include="UnitTest++\UnitTestPP.h">
      <Filter>Source Files\UnitTest++</Filter>
    </ClInclude>
    <ClInclude Include="UnitTest++\Win32\TimeHelpers.h">
      <Filter>Source Files\UnitTest++</Filter>
    </ClInclude>
    <ClInclude Include="UnitTest++\XmlTestReporter.h">
      <Filter>Source Files\UnitTest++</Filter>
    </ClInclude>
  </ItemGroup>
  <ItemGroup>
    <ClCompile Include="stdafx.cpp">
      <Filter>Source Files</Filter>
    </ClCompile>
    <ClCompile Include="SimNode.cpp">
      <Filter>Source Files</Filter>
    </ClCompile>
    <ClCompile Include="SimWire.cpp">
      <Filter>Source Files</Filter>
    </ClCompile>
    <ClCompile Include="SimController.cpp">
      <Filter>Source Files</Filter>
    </ClCompile>
    <ClCompile Include="imgui\imgui.cpp">
      <Filter>Source Files\imgui</Filter>
    </ClCompile>
    <ClCompile Include="imgui\imgui_demo.cpp">
      <Filter>Source Files\imgui</Filter>
    </ClCompile>
    <ClCompile Include="imgui\imgui_draw.cpp">
      <Filter>Source Files\imgui</Filter>
    </ClCompile>
    <ClCompile Include="GUISimControlsWindow.cpp">
      <Filter>Source Files</Filter>
    </ClCompile>
    <ClCompile Include="Node.cpp">
      <Filter>Source Files</Filter>
    </ClCompile>
    <ClCompile Include="Wire.cpp">
      <Filter>Source Files</Filter>
    </ClCompile>
    <ClCompile Include="Circuit.cpp">
      <Filter>Source Files</Filter>
    </ClCompile>
    <ClCompile Include="main.cpp">
      <Filter>Source Files</Filter>
    </ClCompile>
    <ClCompile Include="HeatWave.cpp">
      <Filter>Source Files</Filter>
    </ClCompile>
    <ClCompile Include="UnitTest++\AssertException.cpp">
      <Filter>Source Files\UnitTest++</Filter>
    </ClCompile>
    <ClCompile Include="UnitTest++\Checks.cpp">
      <Filter>Source Files\UnitTest++</Filter>
    </ClCompile>
    <ClCompile Include="UnitTest++\CompositeTestReporter.cpp">
      <Filter>Source Files\UnitTest++</Filter>
    </ClCompile>
    <ClCompile Include="UnitTest++\CurrentTest.cpp">
      <Filter>Source Files\UnitTest++</Filter>
    </ClCompile>
    <ClCompile Include="UnitTest++\DeferredTestReporter.cpp">
      <Filter>Source Files\UnitTest++</Filter>
    </ClCompile>
    <ClCompile Include="UnitTest++\DeferredTestResult.cpp">
      <Filter>Source Files\UnitTest++</Filter>
    </ClCompile>
    <ClCompile Include="UnitTest++\MemoryOutStream.cpp">
      <Filter>Source Files\UnitTest++</Filter>
    </ClCompile>
    <ClCompile Include="UnitTest++\ReportAssert.cpp">
      <Filter>Source Files\UnitTest++</Filter>
    </ClCompile>
    <ClCompile Include="UnitTest++\Test.cpp">
      <Filter>Source Files\UnitTest++</Filter>
    </ClCompile>
    <ClCompile Include="UnitTest++\TestDetails.cpp">
      <Filter>Source Files\UnitTest++</Filter>
    </ClCompile>
    <ClCompile Include="UnitTest++\TestList.cpp">
      <Filter>Source Files\UnitTest++</Filter>
    </ClCompile>
    <ClCompile Include="UnitTest++\TestReporter.cpp">
      <Filter>Source Files\UnitTest++</Filter>
    </ClCompile>
    <ClCompile Include="UnitTest++\TestReporterStdout.cpp">
      <Filter>Source Files\UnitTest++</Filter>
    </ClCompile>
    <ClCompile Include="UnitTest++\TestResults.cpp">
      <Filter>Source Files\UnitTest++</Filter>
    </ClCompile>
    <ClCompile Include="UnitTest++\TestRunner.cpp">
      <Filter>Source Files\UnitTest++</Filter>
    </ClCompile>
    <ClCompile Include="UnitTest++\TimeConstraint.cpp">
      <Filter>Source Files\UnitTest++</Filter>
    </ClCompile>
    <ClCompile Include="UnitTest++\Win32\TimeHelpers.cpp">
      <Filter>Source Files\UnitTest++</Filter>
    </ClCompile>
    <ClCompile Include="UnitTest++\XmlTestReporter.cpp">
      <Filter>Source Files\UnitTest++</Filter>
    </ClCompile>
  </ItemGroup>
</Project>